
Microsoft Visual Studio Solution File, Format Version 12.00
# Visual Studio 15
VisualStudioVersion = 15.0.27428.1
MinimumVisualStudioVersion = 10.0.40219.1
Project("{9A19103F-16F7-4668-BE54-9A1E7A4F7556}") = "Problem 1. Matrix of Palindromes", "Problem 1. Matrix of Palindromes\Problem 1. Matrix of Palindromes.csproj", "{63B32486-0070-4A29-B660-6907E90B6164}"
EndProject
Project("{9A19103F-16F7-4668-BE54-9A1E7A4F7556}") = "Problem 2. Diagonal Difference", "Problem 2. Diagonal Difference\Problem 2. Diagonal Difference.csproj", "{24F30B5E-34A8-47E9-8060-00272ACD4801}"
EndProject
Project("{9A19103F-16F7-4668-BE54-9A1E7A4F7556}") = "3. Squares in Matrix", "3. Squares in Matrix\3. Squares in Matrix.csproj", "{42AFFD43-FFA2-45C7-9E14-93C1E0933EC4}"
EndProject
Project("{FAE04EC0-301F-11D3-BF4B-00C04F79EFBC}") = "Problem 4. Maximal Sum", "Problem 4. Maximal Sum\Problem 4. Maximal Sum.csproj", "{0E7E2780-2BBC-4B98-B7C4-A9CB6AA95B9B}"
EndProject
Global
	GlobalSection(SolutionConfigurationPlatforms) = preSolution
		Debug|Any CPU = Debug|Any CPU
		Release|Any CPU = Release|Any CPU
	EndGlobalSection
	GlobalSection(ProjectConfigurationPlatforms) = postSolution
		{63B32486-0070-4A29-B660-6907E90B6164}.Debug|Any CPU.ActiveCfg = Debug|Any CPU
		{63B32486-0070-4A29-B660-6907E90B6164}.Debug|Any CPU.Build.0 = Debug|Any CPU
		{63B32486-0070-4A29-B660-6907E90B6164}.Release|Any CPU.ActiveCfg = Release|Any CPU
		{63B32486-0070-4A29-B660-6907E90B6164}.Release|Any CPU.Build.0 = Release|Any CPU
		{24F30B5E-34A8-47E9-8060-00272ACD4801}.Debug|Any CPU.ActiveCfg = Debug|Any CPU
		{24F30B5E-34A8-47E9-8060-00272ACD4801}.Debug|Any CPU.Build.0 = Debug|Any CPU
		{24F30B5E-34A8-47E9-8060-00272ACD4801}.Release|Any CPU.ActiveCfg = Release|Any CPU
		{24F30B5E-34A8-47E9-8060-00272ACD4801}.Release|Any CPU.Build.0 = Release|Any CPU
		{42AFFD43-FFA2-45C7-9E14-93C1E0933EC4}.Debug|Any CPU.ActiveCfg = Debug|Any CPU
		{42AFFD43-FFA2-45C7-9E14-93C1E0933EC4}.Debug|Any CPU.Build.0 = Debug|Any CPU
		{42AFFD43-FFA2-45C7-9E14-93C1E0933EC4}.Release|Any CPU.ActiveCfg = Release|Any CPU
		{42AFFD43-FFA2-45C7-9E14-93C1E0933EC4}.Release|Any CPU.Build.0 = Release|Any CPU
		{0E7E2780-2BBC-4B98-B7C4-A9CB6AA95B9B}.Debug|Any CPU.ActiveCfg = Debug|Any CPU
		{0E7E2780-2BBC-4B98-B7C4-A9CB6AA95B9B}.Debug|Any CPU.Build.0 = Debug|Any CPU
		{0E7E2780-2BBC-4B98-B7C4-A9CB6AA95B9B}.Release|Any CPU.ActiveCfg = Release|Any CPU
		{0E7E2780-2BBC-4B98-B7C4-A9CB6AA95B9B}.Release|Any CPU.Build.0 = Release|Any CPU
	EndGlobalSection
	GlobalSection(SolutionProperties) = preSolution
		HideSolutionNode = FALSE
	EndGlobalSection
	GlobalSection(ExtensibilityGlobals) = postSolution
		SolutionGuid = {5C32B78F-414C-4C61-B011-9BB970C5FDF6}
	EndGlobalSection
EndGlobal
