
Microsoft Visual Studio Solution File, Format Version 12.00
# Visual Studio 15
VisualStudioVersion = 15.0.27428.1
MinimumVisualStudioVersion = 10.0.40219.1
Project("{9A19103F-16F7-4668-BE54-9A1E7A4F7556}") = "Sum-Reversed-Numbers", "Lists-Exercices\Sum-Reversed-Numbers.csproj", "{56539F87-DA6F-4083-BBD4-A15D76F7BCBD}"
EndProject
Project("{9A19103F-16F7-4668-BE54-9A1E7A4F7556}") = "Bomb-Numbers", "Bomb-Numbers\Bomb-Numbers.csproj", "{32392FAB-9D06-4C90-9B48-65B0F739FF20}"
EndProject
Project("{9A19103F-16F7-4668-BE54-9A1E7A4F7556}") = "Array-Manipulator", "Array-Manipulator\Array-Manipulator.csproj", "{956DF02F-2626-4F95-A892-7363C8E1AD07}"
EndProject
Project("{9A19103F-16F7-4668-BE54-9A1E7A4F7556}") = "Longest-Increasing-Subsequence", "Longest-Increasing-Subsequence\Longest-Increasing-Subsequence.csproj", "{F681419D-3684-4C52-A24A-5CE3BF9204E9}"
EndProject
Project("{FAE04EC0-301F-11D3-BF4B-00C04F79EFBC}") = "zadachka", "zadachka\zadachka.csproj", "{A445715F-7163-4453-9709-C6F708E6F84A}"
EndProject
Global
	GlobalSection(SolutionConfigurationPlatforms) = preSolution
		Debug|Any CPU = Debug|Any CPU
		Release|Any CPU = Release|Any CPU
	EndGlobalSection
	GlobalSection(ProjectConfigurationPlatforms) = postSolution
		{56539F87-DA6F-4083-BBD4-A15D76F7BCBD}.Debug|Any CPU.ActiveCfg = Debug|Any CPU
		{56539F87-DA6F-4083-BBD4-A15D76F7BCBD}.Debug|Any CPU.Build.0 = Debug|Any CPU
		{56539F87-DA6F-4083-BBD4-A15D76F7BCBD}.Release|Any CPU.ActiveCfg = Release|Any CPU
		{56539F87-DA6F-4083-BBD4-A15D76F7BCBD}.Release|Any CPU.Build.0 = Release|Any CPU
		{32392FAB-9D06-4C90-9B48-65B0F739FF20}.Debug|Any CPU.ActiveCfg = Debug|Any CPU
		{32392FAB-9D06-4C90-9B48-65B0F739FF20}.Debug|Any CPU.Build.0 = Debug|Any CPU
		{32392FAB-9D06-4C90-9B48-65B0F739FF20}.Release|Any CPU.ActiveCfg = Release|Any CPU
		{32392FAB-9D06-4C90-9B48-65B0F739FF20}.Release|Any CPU.Build.0 = Release|Any CPU
		{956DF02F-2626-4F95-A892-7363C8E1AD07}.Debug|Any CPU.ActiveCfg = Debug|Any CPU
		{956DF02F-2626-4F95-A892-7363C8E1AD07}.Debug|Any CPU.Build.0 = Debug|Any CPU
		{956DF02F-2626-4F95-A892-7363C8E1AD07}.Release|Any CPU.ActiveCfg = Release|Any CPU
		{956DF02F-2626-4F95-A892-7363C8E1AD07}.Release|Any CPU.Build.0 = Release|Any CPU
		{F681419D-3684-4C52-A24A-5CE3BF9204E9}.Debug|Any CPU.ActiveCfg = Debug|Any CPU
		{F681419D-3684-4C52-A24A-5CE3BF9204E9}.Debug|Any CPU.Build.0 = Debug|Any CPU
		{F681419D-3684-4C52-A24A-5CE3BF9204E9}.Release|Any CPU.ActiveCfg = Release|Any CPU
		{F681419D-3684-4C52-A24A-5CE3BF9204E9}.Release|Any CPU.Build.0 = Release|Any CPU
		{A445715F-7163-4453-9709-C6F708E6F84A}.Debug|Any CPU.ActiveCfg = Debug|Any CPU
		{A445715F-7163-4453-9709-C6F708E6F84A}.Debug|Any CPU.Build.0 = Debug|Any CPU
		{A445715F-7163-4453-9709-C6F708E6F84A}.Release|Any CPU.ActiveCfg = Release|Any CPU
		{A445715F-7163-4453-9709-C6F708E6F84A}.Release|Any CPU.Build.0 = Release|Any CPU
	EndGlobalSection
	GlobalSection(SolutionProperties) = preSolution
		HideSolutionNode = FALSE
	EndGlobalSection
	GlobalSection(ExtensibilityGlobals) = postSolution
		SolutionGuid = {A72528BD-9424-4A81-B662-62218732F771}
	EndGlobalSection
EndGlobal
