
Microsoft Visual Studio Solution File, Format Version 12.00
# Visual Studio 15
VisualStudioVersion = 15.0.27428.1
MinimumVisualStudioVersion = 10.0.40219.1
Project("{9A19103F-16F7-4668-BE54-9A1E7A4F7556}") = "1. Reverse Strings", "1. Reverse Strings\1. Reverse Strings.csproj", "{8A856F56-ED2B-48B0-819E-C0690307F919}"
EndProject
Project("{9A19103F-16F7-4668-BE54-9A1E7A4F7556}") = "2. Simple Calculator", "2. Simple Calculator\2. Simple Calculator.csproj", "{11E3A4A8-881B-4CA7-81AB-5A52902A9655}"
EndProject
Project("{9A19103F-16F7-4668-BE54-9A1E7A4F7556}") = "3. Decimal to Binary Converter", "3. Decimal to Binary Converter\3. Decimal to Binary Converter.csproj", "{F53A70C1-29EB-45E5-835A-E1314780FA10}"
EndProject
Project("{FAE04EC0-301F-11D3-BF4B-00C04F79EFBC}") = "4. Matching Brackets", "4. Matching Brackets\4. Matching Brackets.csproj", "{3A6A34CC-2A7D-422D-9F56-992727F34B49}"
EndProject
Project("{FAE04EC0-301F-11D3-BF4B-00C04F79EFBC}") = "5. Hot Potato", "5. Hot Potato\5. Hot Potato.csproj", "{09D76E71-F65A-461E-9F3E-90E51BCCC1F8}"
EndProject
Project("{FAE04EC0-301F-11D3-BF4B-00C04F79EFBC}") = "6. Traffic Jam", "6. Traffic Jam\6. Traffic Jam.csproj", "{DEE33EC6-F6E2-45C4-B198-6A8B7060B507}"
EndProject
Global
	GlobalSection(SolutionConfigurationPlatforms) = preSolution
		Debug|Any CPU = Debug|Any CPU
		Release|Any CPU = Release|Any CPU
	EndGlobalSection
	GlobalSection(ProjectConfigurationPlatforms) = postSolution
		{8A856F56-ED2B-48B0-819E-C0690307F919}.Debug|Any CPU.ActiveCfg = Debug|Any CPU
		{8A856F56-ED2B-48B0-819E-C0690307F919}.Debug|Any CPU.Build.0 = Debug|Any CPU
		{8A856F56-ED2B-48B0-819E-C0690307F919}.Release|Any CPU.ActiveCfg = Release|Any CPU
		{8A856F56-ED2B-48B0-819E-C0690307F919}.Release|Any CPU.Build.0 = Release|Any CPU
		{11E3A4A8-881B-4CA7-81AB-5A52902A9655}.Debug|Any CPU.ActiveCfg = Debug|Any CPU
		{11E3A4A8-881B-4CA7-81AB-5A52902A9655}.Debug|Any CPU.Build.0 = Debug|Any CPU
		{11E3A4A8-881B-4CA7-81AB-5A52902A9655}.Release|Any CPU.ActiveCfg = Release|Any CPU
		{11E3A4A8-881B-4CA7-81AB-5A52902A9655}.Release|Any CPU.Build.0 = Release|Any CPU
		{F53A70C1-29EB-45E5-835A-E1314780FA10}.Debug|Any CPU.ActiveCfg = Debug|Any CPU
		{F53A70C1-29EB-45E5-835A-E1314780FA10}.Debug|Any CPU.Build.0 = Debug|Any CPU
		{F53A70C1-29EB-45E5-835A-E1314780FA10}.Release|Any CPU.ActiveCfg = Release|Any CPU
		{F53A70C1-29EB-45E5-835A-E1314780FA10}.Release|Any CPU.Build.0 = Release|Any CPU
		{3A6A34CC-2A7D-422D-9F56-992727F34B49}.Debug|Any CPU.ActiveCfg = Debug|Any CPU
		{3A6A34CC-2A7D-422D-9F56-992727F34B49}.Debug|Any CPU.Build.0 = Debug|Any CPU
		{3A6A34CC-2A7D-422D-9F56-992727F34B49}.Release|Any CPU.ActiveCfg = Release|Any CPU
		{3A6A34CC-2A7D-422D-9F56-992727F34B49}.Release|Any CPU.Build.0 = Release|Any CPU
		{09D76E71-F65A-461E-9F3E-90E51BCCC1F8}.Debug|Any CPU.ActiveCfg = Debug|Any CPU
		{09D76E71-F65A-461E-9F3E-90E51BCCC1F8}.Debug|Any CPU.Build.0 = Debug|Any CPU
		{09D76E71-F65A-461E-9F3E-90E51BCCC1F8}.Release|Any CPU.ActiveCfg = Release|Any CPU
		{09D76E71-F65A-461E-9F3E-90E51BCCC1F8}.Release|Any CPU.Build.0 = Release|Any CPU
		{DEE33EC6-F6E2-45C4-B198-6A8B7060B507}.Debug|Any CPU.ActiveCfg = Debug|Any CPU
		{DEE33EC6-F6E2-45C4-B198-6A8B7060B507}.Debug|Any CPU.Build.0 = Debug|Any CPU
		{DEE33EC6-F6E2-45C4-B198-6A8B7060B507}.Release|Any CPU.ActiveCfg = Release|Any CPU
		{DEE33EC6-F6E2-45C4-B198-6A8B7060B507}.Release|Any CPU.Build.0 = Release|Any CPU
	EndGlobalSection
	GlobalSection(SolutionProperties) = preSolution
		HideSolutionNode = FALSE
	EndGlobalSection
	GlobalSection(ExtensibilityGlobals) = postSolution
		SolutionGuid = {43E1E511-673F-49A1-A9AC-D28DF731F349}
	EndGlobalSection
EndGlobal
