
Microsoft Visual Studio Solution File, Format Version 12.00
# Visual Studio 15
VisualStudioVersion = 15.0.27428.1
MinimumVisualStudioVersion = 10.0.40219.1
Project("{9A19103F-16F7-4668-BE54-9A1E7A4F7556}") = "Day-Of-Week", "Day-Of-Week\Day-Of-Week.csproj", "{821EE55B-D125-4D52-B930-BCF8850B530F}"
EndProject
Project("{9A19103F-16F7-4668-BE54-9A1E7A4F7556}") = "Randomize-Words", "Randomize-Words\Randomize-Words.csproj", "{A15411CA-BCFF-427F-8C0D-165F8F0F1241}"
EndProject
Project("{9A19103F-16F7-4668-BE54-9A1E7A4F7556}") = "Big-Factorial", "Big-Factorial\Big-Factorial.csproj", "{2C83E8F2-BDA2-41E7-86FB-554410F979F1}"
EndProject
Project("{9A19103F-16F7-4668-BE54-9A1E7A4F7556}") = "Distance-Between-Points", "Distance-Between-Points\Distance-Between-Points.csproj", "{95C52012-659E-4D05-96B1-185FC162980B}"
EndProject
Project("{9A19103F-16F7-4668-BE54-9A1E7A4F7556}") = "Closest-Two-Points", "Closest-Two-Points\Closest-Two-Points.csproj", "{0A53746E-3DFC-4367-9018-900B51F7D77E}"
EndProject
Project("{9A19103F-16F7-4668-BE54-9A1E7A4F7556}") = "Rectangle-Position", "Rectangle-Position\Rectangle-Position.csproj", "{C14B565D-B38E-4E34-98BF-33F91C4D6AE0}"
EndProject
Project("{FAE04EC0-301F-11D3-BF4B-00C04F79EFBC}") = "Sales-Report", "Sales-Report\Sales-Report.csproj", "{0E09E466-3D68-4C89-9B9E-6498C248071D}"
EndProject
Global
	GlobalSection(SolutionConfigurationPlatforms) = preSolution
		Debug|Any CPU = Debug|Any CPU
		Release|Any CPU = Release|Any CPU
	EndGlobalSection
	GlobalSection(ProjectConfigurationPlatforms) = postSolution
		{821EE55B-D125-4D52-B930-BCF8850B530F}.Debug|Any CPU.ActiveCfg = Debug|Any CPU
		{821EE55B-D125-4D52-B930-BCF8850B530F}.Debug|Any CPU.Build.0 = Debug|Any CPU
		{821EE55B-D125-4D52-B930-BCF8850B530F}.Release|Any CPU.ActiveCfg = Release|Any CPU
		{821EE55B-D125-4D52-B930-BCF8850B530F}.Release|Any CPU.Build.0 = Release|Any CPU
		{A15411CA-BCFF-427F-8C0D-165F8F0F1241}.Debug|Any CPU.ActiveCfg = Debug|Any CPU
		{A15411CA-BCFF-427F-8C0D-165F8F0F1241}.Debug|Any CPU.Build.0 = Debug|Any CPU
		{A15411CA-BCFF-427F-8C0D-165F8F0F1241}.Release|Any CPU.ActiveCfg = Release|Any CPU
		{A15411CA-BCFF-427F-8C0D-165F8F0F1241}.Release|Any CPU.Build.0 = Release|Any CPU
		{2C83E8F2-BDA2-41E7-86FB-554410F979F1}.Debug|Any CPU.ActiveCfg = Debug|Any CPU
		{2C83E8F2-BDA2-41E7-86FB-554410F979F1}.Debug|Any CPU.Build.0 = Debug|Any CPU
		{2C83E8F2-BDA2-41E7-86FB-554410F979F1}.Release|Any CPU.ActiveCfg = Release|Any CPU
		{2C83E8F2-BDA2-41E7-86FB-554410F979F1}.Release|Any CPU.Build.0 = Release|Any CPU
		{95C52012-659E-4D05-96B1-185FC162980B}.Debug|Any CPU.ActiveCfg = Debug|Any CPU
		{95C52012-659E-4D05-96B1-185FC162980B}.Debug|Any CPU.Build.0 = Debug|Any CPU
		{95C52012-659E-4D05-96B1-185FC162980B}.Release|Any CPU.ActiveCfg = Release|Any CPU
		{95C52012-659E-4D05-96B1-185FC162980B}.Release|Any CPU.Build.0 = Release|Any CPU
		{0A53746E-3DFC-4367-9018-900B51F7D77E}.Debug|Any CPU.ActiveCfg = Debug|Any CPU
		{0A53746E-3DFC-4367-9018-900B51F7D77E}.Debug|Any CPU.Build.0 = Debug|Any CPU
		{0A53746E-3DFC-4367-9018-900B51F7D77E}.Release|Any CPU.ActiveCfg = Release|Any CPU
		{0A53746E-3DFC-4367-9018-900B51F7D77E}.Release|Any CPU.Build.0 = Release|Any CPU
		{C14B565D-B38E-4E34-98BF-33F91C4D6AE0}.Debug|Any CPU.ActiveCfg = Debug|Any CPU
		{C14B565D-B38E-4E34-98BF-33F91C4D6AE0}.Debug|Any CPU.Build.0 = Debug|Any CPU
		{C14B565D-B38E-4E34-98BF-33F91C4D6AE0}.Release|Any CPU.ActiveCfg = Release|Any CPU
		{C14B565D-B38E-4E34-98BF-33F91C4D6AE0}.Release|Any CPU.Build.0 = Release|Any CPU
		{0E09E466-3D68-4C89-9B9E-6498C248071D}.Debug|Any CPU.ActiveCfg = Debug|Any CPU
		{0E09E466-3D68-4C89-9B9E-6498C248071D}.Debug|Any CPU.Build.0 = Debug|Any CPU
		{0E09E466-3D68-4C89-9B9E-6498C248071D}.Release|Any CPU.ActiveCfg = Release|Any CPU
		{0E09E466-3D68-4C89-9B9E-6498C248071D}.Release|Any CPU.Build.0 = Release|Any CPU
	EndGlobalSection
	GlobalSection(SolutionProperties) = preSolution
		HideSolutionNode = FALSE
	EndGlobalSection
	GlobalSection(ExtensibilityGlobals) = postSolution
		SolutionGuid = {CE73C17D-058A-4C1B-AD20-2A7F9AC583B1}
	EndGlobalSection
EndGlobal
